
Microsoft Visual Studio Solution File, Format Version 12.00
Project("{FAE04EC0-301F-11D3-BF4B-00C04F79EFBC}") = "distr_comp_2", "distr_comp_2\distr_comp_2.csproj", "{49B7F41A-02A4-42FD-9B07-F12C3DB70FB0}"
EndProject
Project("{FAE04EC0-301F-11D3-BF4B-00C04F79EFBC}") = "core", "core\core.csproj", "{0CE1D62E-1C1D-41CC-BD79-BB65F7EB9A83}"
EndProject
Project("{2150E333-8FDC-42A3-9474-1A3956D46DE8}") = "MasterWorker", "MasterWorker", "{5C9CDFCB-D09D-4E86-8A11-063E5186FEE3}"
EndProject
Project("{FAE04EC0-301F-11D3-BF4B-00C04F79EFBC}") = "Worker", "Worker\Worker.csproj", "{5A03E869-5BCD-4376-9BD7-8B8BDD3A146A}"
EndProject
Project("{2150E333-8FDC-42A3-9474-1A3956D46DE8}") = "P2P", "P2P", "{63EF7A7B-4264-46BE-BB48-7D6BFC196CE0}"
EndProject
Project("{FAE04EC0-301F-11D3-BF4B-00C04F79EFBC}") = "PeerWorker", "PeerWorker\PeerWorker.csproj", "{9F371D71-AE03-4EB9-94AD-329797804F76}"
EndProject
Project("{FAE04EC0-301F-11D3-BF4B-00C04F79EFBC}") = "MWCore", "MWCore\MWCore.csproj", "{7255E181-DED5-4FA2-B700-FA5605E99768}"
EndProject
Project("{FAE04EC0-301F-11D3-BF4B-00C04F79EFBC}") = "Master", "Master\Master.csproj", "{115738BB-35A6-46CE-B38B-D4EEDD03DA49}"
EndProject
Global
	GlobalSection(SolutionConfigurationPlatforms) = preSolution
		Debug|Any CPU = Debug|Any CPU
		Release|Any CPU = Release|Any CPU
	EndGlobalSection
	GlobalSection(ProjectConfigurationPlatforms) = postSolution
		{49B7F41A-02A4-42FD-9B07-F12C3DB70FB0}.Debug|Any CPU.ActiveCfg = Debug|Any CPU
		{49B7F41A-02A4-42FD-9B07-F12C3DB70FB0}.Debug|Any CPU.Build.0 = Debug|Any CPU
		{49B7F41A-02A4-42FD-9B07-F12C3DB70FB0}.Release|Any CPU.ActiveCfg = Release|Any CPU
		{49B7F41A-02A4-42FD-9B07-F12C3DB70FB0}.Release|Any CPU.Build.0 = Release|Any CPU
		{0CE1D62E-1C1D-41CC-BD79-BB65F7EB9A83}.Debug|Any CPU.ActiveCfg = Debug|Any CPU
		{0CE1D62E-1C1D-41CC-BD79-BB65F7EB9A83}.Debug|Any CPU.Build.0 = Debug|Any CPU
		{0CE1D62E-1C1D-41CC-BD79-BB65F7EB9A83}.Release|Any CPU.ActiveCfg = Release|Any CPU
		{0CE1D62E-1C1D-41CC-BD79-BB65F7EB9A83}.Release|Any CPU.Build.0 = Release|Any CPU
		{5A03E869-5BCD-4376-9BD7-8B8BDD3A146A}.Debug|Any CPU.ActiveCfg = Debug|Any CPU
		{5A03E869-5BCD-4376-9BD7-8B8BDD3A146A}.Debug|Any CPU.Build.0 = Debug|Any CPU
		{5A03E869-5BCD-4376-9BD7-8B8BDD3A146A}.Release|Any CPU.ActiveCfg = Release|Any CPU
		{5A03E869-5BCD-4376-9BD7-8B8BDD3A146A}.Release|Any CPU.Build.0 = Release|Any CPU
		{9F371D71-AE03-4EB9-94AD-329797804F76}.Debug|Any CPU.ActiveCfg = Debug|Any CPU
		{9F371D71-AE03-4EB9-94AD-329797804F76}.Debug|Any CPU.Build.0 = Debug|Any CPU
		{9F371D71-AE03-4EB9-94AD-329797804F76}.Release|Any CPU.ActiveCfg = Release|Any CPU
		{9F371D71-AE03-4EB9-94AD-329797804F76}.Release|Any CPU.Build.0 = Release|Any CPU
		{7255E181-DED5-4FA2-B700-FA5605E99768}.Debug|Any CPU.ActiveCfg = Debug|Any CPU
		{7255E181-DED5-4FA2-B700-FA5605E99768}.Debug|Any CPU.Build.0 = Debug|Any CPU
		{7255E181-DED5-4FA2-B700-FA5605E99768}.Release|Any CPU.ActiveCfg = Release|Any CPU
		{7255E181-DED5-4FA2-B700-FA5605E99768}.Release|Any CPU.Build.0 = Release|Any CPU
		{115738BB-35A6-46CE-B38B-D4EEDD03DA49}.Debug|Any CPU.ActiveCfg = Debug|Any CPU
		{115738BB-35A6-46CE-B38B-D4EEDD03DA49}.Debug|Any CPU.Build.0 = Debug|Any CPU
		{115738BB-35A6-46CE-B38B-D4EEDD03DA49}.Release|Any CPU.ActiveCfg = Release|Any CPU
		{115738BB-35A6-46CE-B38B-D4EEDD03DA49}.Release|Any CPU.Build.0 = Release|Any CPU
	EndGlobalSection
	GlobalSection(NestedProjects) = preSolution
		{5A03E869-5BCD-4376-9BD7-8B8BDD3A146A} = {5C9CDFCB-D09D-4E86-8A11-063E5186FEE3}
		{9F371D71-AE03-4EB9-94AD-329797804F76} = {63EF7A7B-4264-46BE-BB48-7D6BFC196CE0}
		{7255E181-DED5-4FA2-B700-FA5605E99768} = {5C9CDFCB-D09D-4E86-8A11-063E5186FEE3}
		{115738BB-35A6-46CE-B38B-D4EEDD03DA49} = {5C9CDFCB-D09D-4E86-8A11-063E5186FEE3}
	EndGlobalSection
EndGlobal
